
Microsoft Visual Studio Solution File, Format Version 12.00
# Visual Studio Version 16
VisualStudioVersion = 16.0.30114.105
MinimumVisualStudioVersion = 10.0.40219.1
Project("{FAE04EC0-301F-11D3-BF4B-00C04F79EFBC}") = "Lab6Task1", "ConsoleApp1\Lab6Task1.csproj", "{BADA8D38-B129-4CE5-8F61-3DF5B2963F06}"
EndProject
Global
	GlobalSection(SolutionConfigurationPlatforms) = preSolution
		Debug|Any CPU = Debug|Any CPU
		Release|Any CPU = Release|Any CPU
	EndGlobalSection
	GlobalSection(ProjectConfigurationPlatforms) = postSolution
		{BADA8D38-B129-4CE5-8F61-3DF5B2963F06}.Debug|Any CPU.ActiveCfg = Debug|Any CPU
		{BADA8D38-B129-4CE5-8F61-3DF5B2963F06}.Debug|Any CPU.Build.0 = Debug|Any CPU
		{BADA8D38-B129-4CE5-8F61-3DF5B2963F06}.Release|Any CPU.ActiveCfg = Release|Any CPU
		{BADA8D38-B129-4CE5-8F61-3DF5B2963F06}.Release|Any CPU.Build.0 = Release|Any CPU
	EndGlobalSection
	GlobalSection(SolutionProperties) = preSolution
		HideSolutionNode = FALSE
	EndGlobalSection
	GlobalSection(ExtensibilityGlobals) = postSolution
		SolutionGuid = {4FA47541-1128-4E6C-A395-E0C22161C62D}
	EndGlobalSection
EndGlobal
