
Microsoft Visual Studio Solution File, Format Version 12.00
# Visual Studio Version 16
VisualStudioVersion = 16.0.30114.105
MinimumVisualStudioVersion = 10.0.40219.1
Project("{FAE04EC0-301F-11D3-BF4B-00C04F79EFBC}") = "Lab3Task1", "Lab3Task1\Lab3Task1.csproj", "{185A138F-990E-443E-9570-42263F4E1B7E}"
EndProject
Global
	GlobalSection(SolutionConfigurationPlatforms) = preSolution
		Debug|Any CPU = Debug|Any CPU
		Release|Any CPU = Release|Any CPU
	EndGlobalSection
	GlobalSection(ProjectConfigurationPlatforms) = postSolution
		{185A138F-990E-443E-9570-42263F4E1B7E}.Debug|Any CPU.ActiveCfg = Debug|Any CPU
		{185A138F-990E-443E-9570-42263F4E1B7E}.Debug|Any CPU.Build.0 = Debug|Any CPU
		{185A138F-990E-443E-9570-42263F4E1B7E}.Release|Any CPU.ActiveCfg = Release|Any CPU
		{185A138F-990E-443E-9570-42263F4E1B7E}.Release|Any CPU.Build.0 = Release|Any CPU
	EndGlobalSection
	GlobalSection(SolutionProperties) = preSolution
		HideSolutionNode = FALSE
	EndGlobalSection
	GlobalSection(ExtensibilityGlobals) = postSolution
		SolutionGuid = {314AD6F8-47D6-4594-9BA5-FAEBF987283D}
	EndGlobalSection
EndGlobal
