
Microsoft Visual Studio Solution File, Format Version 12.00
# Visual Studio Version 16
VisualStudioVersion = 16.0.30114.105
MinimumVisualStudioVersion = 10.0.40219.1
Project("{FAE04EC0-301F-11D3-BF4B-00C04F79EFBC}") = "Lab5Task1", "Lab5Task1\Lab5Task1.csproj", "{A71947CC-4009-4979-8EB6-AC17995F6084}"
EndProject
Global
	GlobalSection(SolutionConfigurationPlatforms) = preSolution
		Debug|Any CPU = Debug|Any CPU
		Release|Any CPU = Release|Any CPU
	EndGlobalSection
	GlobalSection(ProjectConfigurationPlatforms) = postSolution
		{A71947CC-4009-4979-8EB6-AC17995F6084}.Debug|Any CPU.ActiveCfg = Debug|Any CPU
		{A71947CC-4009-4979-8EB6-AC17995F6084}.Debug|Any CPU.Build.0 = Debug|Any CPU
		{A71947CC-4009-4979-8EB6-AC17995F6084}.Release|Any CPU.ActiveCfg = Release|Any CPU
		{A71947CC-4009-4979-8EB6-AC17995F6084}.Release|Any CPU.Build.0 = Release|Any CPU
	EndGlobalSection
	GlobalSection(SolutionProperties) = preSolution
		HideSolutionNode = FALSE
	EndGlobalSection
	GlobalSection(ExtensibilityGlobals) = postSolution
		SolutionGuid = {317AAF25-3601-4EF6-9A76-77AA0C8552B2}
	EndGlobalSection
EndGlobal
