
Microsoft Visual Studio Solution File, Format Version 12.00
# Visual Studio Version 16
VisualStudioVersion = 16.0.30204.135
MinimumVisualStudioVersion = 10.0.40219.1
Project("{FAE04EC0-301F-11D3-BF4B-00C04F79EFBC}") = "FileManager", "FileManager\FileManager.csproj", "{A3DD1530-2ACC-4073-9ECE-0A6DCC638EE3}"
EndProject
Global
	GlobalSection(SolutionConfigurationPlatforms) = preSolution
		Debug|Any CPU = Debug|Any CPU
		Release|Any CPU = Release|Any CPU
	EndGlobalSection
	GlobalSection(ProjectConfigurationPlatforms) = postSolution
		{A3DD1530-2ACC-4073-9ECE-0A6DCC638EE3}.Debug|Any CPU.ActiveCfg = Debug|Any CPU
		{A3DD1530-2ACC-4073-9ECE-0A6DCC638EE3}.Debug|Any CPU.Build.0 = Debug|Any CPU
		{A3DD1530-2ACC-4073-9ECE-0A6DCC638EE3}.Release|Any CPU.ActiveCfg = Release|Any CPU
		{A3DD1530-2ACC-4073-9ECE-0A6DCC638EE3}.Release|Any CPU.Build.0 = Release|Any CPU
	EndGlobalSection
	GlobalSection(SolutionProperties) = preSolution
		HideSolutionNode = FALSE
	EndGlobalSection
	GlobalSection(ExtensibilityGlobals) = postSolution
		SolutionGuid = {886A8E3B-47D6-426A-AA46-B1B89F5A98A9}
	EndGlobalSection
EndGlobal
