
Microsoft Visual Studio Solution File, Format Version 12.00
# Visual Studio Version 16
VisualStudioVersion = 16.0.30204.135
MinimumVisualStudioVersion = 10.0.40219.1
Project("{FAE04EC0-301F-11D3-BF4B-00C04F79EFBC}") = "Logger", "Logger\Logger.csproj", "{1AB7D0FF-44F0-48DF-AFD1-D3AC991583A5}"
EndProject
Global
	GlobalSection(SolutionConfigurationPlatforms) = preSolution
		Debug|Any CPU = Debug|Any CPU
		Release|Any CPU = Release|Any CPU
	EndGlobalSection
	GlobalSection(ProjectConfigurationPlatforms) = postSolution
		{1AB7D0FF-44F0-48DF-AFD1-D3AC991583A5}.Debug|Any CPU.ActiveCfg = Debug|Any CPU
		{1AB7D0FF-44F0-48DF-AFD1-D3AC991583A5}.Debug|Any CPU.Build.0 = Debug|Any CPU
		{1AB7D0FF-44F0-48DF-AFD1-D3AC991583A5}.Release|Any CPU.ActiveCfg = Release|Any CPU
		{1AB7D0FF-44F0-48DF-AFD1-D3AC991583A5}.Release|Any CPU.Build.0 = Release|Any CPU
	EndGlobalSection
	GlobalSection(SolutionProperties) = preSolution
		HideSolutionNode = FALSE
	EndGlobalSection
	GlobalSection(ExtensibilityGlobals) = postSolution
		SolutionGuid = {F230251E-69CD-4267-863E-8CD8F8360198}
	EndGlobalSection
EndGlobal
